<?xml version="1.0" encoding="utf-8"?>
<Project ToolsVersion="4.0" xmlns="http://schemas.microsoft.com/developer/msbuild/2003">
  <ItemGroup>
    <Filter Include="Code">
      <UniqueIdentifier>{4155d467-a7f7-4be8-b526-a872f251081e}</UniqueIdentifier>
    </Filter>
    <Filter Include="Code\Pre-Compiled Headers">
      <UniqueIdentifier>{84abf3bc-aa4b-4465-b5fd-34ec183a2856}</UniqueIdentifier>
    </Filter>
    <Filter Include="Code\Audio">
      <UniqueIdentifier>{73982dd7-be77-4efe-bbac-ca137bb8d24f}</UniqueIdentifier>
    </Filter>
    <Filter Include="Code\Audio\Sound">
      <UniqueIdentifier>{1db795df-6d18-4a66-acce-96dbac6ee79b}</UniqueIdentifier>
    </Filter>
    <Filter Include="Code\Audio\Sound Device">
      <UniqueIdentifier>{a4f38667-0f53-41df-99eb-485867d6519c}</UniqueIdentifier>
    </Filter>
    <Filter Include="Dependencies">
      <UniqueIdentifier>{6d3fe493-b96a-4e4f-a5ac-3e615e8ed6ae}</UniqueIdentifier>
    </Filter>
    <Filter Include="Dependencies\x86">
      <UniqueIdentifier>{1ac3a218-0b5c-46d4-9be9-150f6e81e6ce}</UniqueIdentifier>
    </Filter>
    <Filter Include="Dependencies\x64">
      <UniqueIdentifier>{427c678e-b255-48a3-87d9-2b8fb3f1456a}</UniqueIdentifier>
    </Filter>
    <Filter Include="Code\Audio\Sound Manager">
      <UniqueIdentifier>{d3a48136-60c0-490c-a4b1-4568d976c3da}</UniqueIdentifier>
    </Filter>
    <Filter Include="Code\Dynamic Array">
      <UniqueIdentifier>{b99e1a61-fe05-405c-9fbb-ac3cf1d44e03}</UniqueIdentifier>
    </Filter>
    <Filter Include="Shaders">
      <UniqueIdentifier>{525f6fd6-efc0-4dc4-8150-ab1c51b5dd02}</UniqueIdentifier>
    </Filter>
    <Filter Include="Code\File">
      <UniqueIdentifier>{0d627577-6119-4e9d-863d-ecf91a88f764}</UniqueIdentifier>
    </Filter>
    <Filter Include="Code\Convert">
      <UniqueIdentifier>{8ae4f160-6078-4541-a226-bb09dbb373ae}</UniqueIdentifier>
    </Filter>
    <Filter Include="Code\Core">
      <UniqueIdentifier>{bd509882-8d43-491c-bd79-6f9a6f053bd2}</UniqueIdentifier>
    </Filter>
    <Filter Include="Code\GLFW">
      <UniqueIdentifier>{a43908b6-9f53-4f39-aae6-2c874cabde8f}</UniqueIdentifier>
    </Filter>
    <Filter Include="Code\Window">
      <UniqueIdentifier>{e34d5850-3e06-4add-b33c-b224f5740f3e}</UniqueIdentifier>
    </Filter>
    <Filter Include="Code\ECS">
      <UniqueIdentifier>{80303011-8640-4d62-9c82-678d2fa6e62f}</UniqueIdentifier>
    </Filter>
    <Filter Include="Code\Event System">
      <UniqueIdentifier>{3c7ad39d-2090-4dd2-aa14-8ce96e856e7d}</UniqueIdentifier>
    </Filter>
    <Filter Include="Code\Event System\Event Dispatcher">
      <UniqueIdentifier>{65c66fd8-7c40-4035-8ffc-c6230d38396a}</UniqueIdentifier>
    </Filter>
    <Filter Include="Code\Event System\Event Types">
      <UniqueIdentifier>{b669a006-274c-45ab-8f08-f98a7993f84a}</UniqueIdentifier>
    </Filter>
    <Filter Include="Code\Text %28 rewrite %29">
      <UniqueIdentifier>{2731f142-a502-4c00-9857-e054fc7b0ab6}</UniqueIdentifier>
    </Filter>
    <Filter Include="Code\Dear ImGui">
      <UniqueIdentifier>{ea2c61b0-7b03-4b59-bba9-a73eed980c1d}</UniqueIdentifier>
    </Filter>
    <Filter Include="Code\Scene Management">
      <UniqueIdentifier>{0dd46a4e-cf58-4887-a390-a10bbdb2b6e7}</UniqueIdentifier>
    </Filter>
    <Filter Include="Code\Scene Management\Scene">
      <UniqueIdentifier>{b3aff55b-1a9a-44da-8762-702a4c26e8b2}</UniqueIdentifier>
    </Filter>
    <Filter Include="Code\Resource Management">
      <UniqueIdentifier>{cb8e5356-d685-4ac5-b8e8-9a6ea84028e5}</UniqueIdentifier>
    </Filter>
    <Filter Include="Code\Resource Management\Resource Manager">
      <UniqueIdentifier>{c1c29c95-28a4-41cb-81a7-2cbbf86366f7}</UniqueIdentifier>
    </Filter>
    <Filter Include="Code\Resource Management\Resource %28 Inherit %29">
      <UniqueIdentifier>{ff9807db-c651-49dc-8bfd-7a88d5072ac7}</UniqueIdentifier>
    </Filter>
    <Filter Include="Code\IMGUI">
      <UniqueIdentifier>{a3600644-a960-4071-8afa-34417029786a}</UniqueIdentifier>
    </Filter>
    <Filter Include="Code\Resource Management\Serializable %28 Inherit %29">
      <UniqueIdentifier>{52c52bfc-ff8f-488e-afb4-6d154435f01b}</UniqueIdentifier>
    </Filter>
    <Filter Include="Code\Application">
      <UniqueIdentifier>{6781ea4a-1c3d-4486-99bc-60c09aa70c34}</UniqueIdentifier>
    </Filter>
    <Filter Include="Code\Application\Default">
      <UniqueIdentifier>{d8f1e567-357e-42f1-b323-5445280bfcc7}</UniqueIdentifier>
    </Filter>
    <Filter Include="Code\Application\Editor">
      <UniqueIdentifier>{2741fbd3-3426-40e9-ad4d-7b6f7bc08abb}</UniqueIdentifier>
    </Filter>
    <Filter Include="Code\Resource Management\Path Manager">
      <UniqueIdentifier>{0c8aca53-846d-4980-a4ec-a967618fbcd7}</UniqueIdentifier>
    </Filter>
    <Filter Include="Dependencies\ImGui">
      <UniqueIdentifier>{b6c63c4f-059d-4d73-8441-f63bd2796ad0}</UniqueIdentifier>
    </Filter>
    <Filter Include="Code\Application\Test">
      <UniqueIdentifier>{0872809c-cac2-4faf-82ab-8c0493387fd6}</UniqueIdentifier>
    </Filter>
    <Filter Include="Dependencies\Licenses">
      <UniqueIdentifier>{bd8c0eb8-ce0e-44e5-829b-9cef023a1536}</UniqueIdentifier>
    </Filter>
    <Filter Include="Dependencies\Fonts">
      <UniqueIdentifier>{e064a3a5-ac09-4ba7-a886-79c6df6c9b92}</UniqueIdentifier>
    </Filter>
    <Filter Include="Code\ECS\Entity">
      <UniqueIdentifier>{92b52d8b-50c4-4b92-811d-13302b175715}</UniqueIdentifier>
    </Filter>
    <Filter Include="Code\ECS\System">
      <UniqueIdentifier>{3d91933a-0774-4c10-9941-924698d3e7a2}</UniqueIdentifier>
    </Filter>
    <Filter Include="Code\Scene Management\Scene Serializer">
      <UniqueIdentifier>{c96ab60f-4881-48b4-b103-bc2181a82a7d}</UniqueIdentifier>
    </Filter>
    <Filter Include="Code\UUID">
      <UniqueIdentifier>{adf67035-153b-49ae-a064-9a3328598fe0}</UniqueIdentifier>
    </Filter>
    <Filter Include="Code\Scene Management\Scene Manager">
      <UniqueIdentifier>{3ede6442-1a1a-4f26-84eb-e2587b100aa8}</UniqueIdentifier>
    </Filter>
    <Filter Include="Code\Resource Management\Resource Cache">
      <UniqueIdentifier>{9c797905-7e9d-4fd1-b01a-e28072c82dd1}</UniqueIdentifier>
    </Filter>
    <Filter Include="Code\Resource Management\Resource Loader">
      <UniqueIdentifier>{314be5c5-773c-4562-9e95-6d830a0818f7}</UniqueIdentifier>
    </Filter>
    <Filter Include="Code\Resource Management\Resource Module %28 inherit %29">
      <UniqueIdentifier>{b3b45ea8-0420-4fcc-8ac9-4e9715e49d25}</UniqueIdentifier>
    </Filter>
    <Filter Include="Code\ECS\Component">
      <UniqueIdentifier>{297a2bca-7c2a-43d1-9be6-256f700cc34a}</UniqueIdentifier>
    </Filter>
    <Filter Include="Code\ECS\System\SpriteRenderer">
      <UniqueIdentifier>{e5590157-0c38-4081-8e56-f707ab12dd54}</UniqueIdentifier>
    </Filter>
    <Filter Include="Code\ECS\System\Animation">
      <UniqueIdentifier>{9063ff2c-256d-48d4-a7a6-aa6c7a1e0daf}</UniqueIdentifier>
    </Filter>
    <Filter Include="Code\Resource Management\Resources">
      <UniqueIdentifier>{5c0c09ef-5625-4b1c-827b-90ddd6f9c137}</UniqueIdentifier>
    </Filter>
    <Filter Include="Code\Resource Management\Resources\Animation">
      <UniqueIdentifier>{97ad3c0b-9cd1-4009-8a96-91c17cdbacfd}</UniqueIdentifier>
    </Filter>
    <Filter Include="Code\Resource Management\Resources\Texture">
      <UniqueIdentifier>{840d3e6c-c8d5-4ed2-a02c-68c4020bf781}</UniqueIdentifier>
    </Filter>
    <Filter Include="Code\Resource Management\Content Browser">
      <UniqueIdentifier>{0e9479cf-be90-4ea2-ab0d-501aab5e2ab1}</UniqueIdentifier>
    </Filter>
    <Filter Include="Code\Resource Management\ResourceID">
      <UniqueIdentifier>{896dbe9c-662d-40b6-b457-03faea8077d1}</UniqueIdentifier>
    </Filter>
    <Filter Include="Code\Traits">
      <UniqueIdentifier>{57b75957-2ca8-4bc0-b105-f3cacd1c09da}</UniqueIdentifier>
    </Filter>
    <Filter Include="Code\Graphics %28 Legacy %29">
      <UniqueIdentifier>{56c80257-e28d-47cb-a070-e3d5670b0a10}</UniqueIdentifier>
    </Filter>
    <Filter Include="Code\Graphics %28 Legacy %29\Pipline">
      <UniqueIdentifier>{a540ae77-d36b-4885-9bc6-02eb137a1a75}</UniqueIdentifier>
    </Filter>
    <Filter Include="Code\Graphics %28 Legacy %29\Pipline\Uniform Buffer">
      <UniqueIdentifier>{412e76a2-5b84-429f-8530-effeb09d8496}</UniqueIdentifier>
    </Filter>
    <Filter Include="Code\Graphics %28 Legacy %29\Pipline\Shader">
      <UniqueIdentifier>{e6cad576-5e1f-4c46-8439-e03cbe3ae2ce}</UniqueIdentifier>
    </Filter>
    <Filter Include="Code\Graphics %28 Legacy %29\Text Render">
      <UniqueIdentifier>{185714d3-f412-45cf-a7da-9064fb85cd4c}</UniqueIdentifier>
    </Filter>
    <Filter Include="Code\Graphics %28 Legacy %29\Text Render\forchar">
      <UniqueIdentifier>{8cd88f0b-5fd7-4271-84fb-e7f623501a8f}</UniqueIdentifier>
    </Filter>
    <Filter Include="Code\Graphics %28 Legacy %29\Text Render\Font">
      <UniqueIdentifier>{f04b5dc3-af27-476e-a0bd-64f8b797c742}</UniqueIdentifier>
    </Filter>
    <Filter Include="Code\Graphics %28 Legacy %29\Texturing">
      <UniqueIdentifier>{c532fc66-9c45-4455-88e9-4cbd518a0419}</UniqueIdentifier>
    </Filter>
    <Filter Include="Code\Graphics %28 Legacy %29\Texturing\Texture Atlas">
      <UniqueIdentifier>{4a81d7e0-db1f-4d25-9e15-c304cfe6b896}</UniqueIdentifier>
    </Filter>
    <Filter Include="Code\Graphics %28 Legacy %29\Mesh2D">
      <UniqueIdentifier>{3bd0d8e3-85e1-4fab-95de-6721a3f806c1}</UniqueIdentifier>
    </Filter>
    <Filter Include="Code\Graphics %28 Legacy %29\Objects">
      <UniqueIdentifier>{6c4ea22b-2117-48a3-b481-b42f4cc3b175}</UniqueIdentifier>
    </Filter>
    <Filter Include="Code\Graphics %28 Legacy %29\Objects\Rectangle">
      <UniqueIdentifier>{2725fac7-b98c-4e8b-b742-dd9c06d93d06}</UniqueIdentifier>
    </Filter>
    <Filter Include="Code\Graphics %28 Legacy %29\Camera">
      <UniqueIdentifier>{8d31b8c4-b70e-4d03-8169-beea29500c1c}</UniqueIdentifier>
    </Filter>
    <Filter Include="Code\Graphics %28 Legacy %29\UI">
      <UniqueIdentifier>{0d4540c2-37b1-4e42-adf5-611bf7acc059}</UniqueIdentifier>
    </Filter>
    <Filter Include="Code\Graphics %28 Legacy %29\UI\Gizmo %28 Inherit %29">
      <UniqueIdentifier>{ec6e965d-4f85-4fbc-b301-0a0a6240d3ff}</UniqueIdentifier>
    </Filter>
    <Filter Include="Code\Graphics %28 Legacy %29\UI\Button">
      <UniqueIdentifier>{a8fca404-7d8b-49a2-904a-528a5e8eb925}</UniqueIdentifier>
    </Filter>
    <Filter Include="Code\Graphics %28 Legacy %29\UI\Button\Button %28 Inherit %29">
      <UniqueIdentifier>{82315a68-a641-491f-a392-4a4260a0aa16}</UniqueIdentifier>
    </Filter>
    <Filter Include="Code\Graphics %28 Legacy %29\UI\Button\Button Manager">
      <UniqueIdentifier>{b69fb750-963a-4ec1-8e96-0e95ff01f721}</UniqueIdentifier>
    </Filter>
    <Filter Include="Code\Graphics %28 Legacy %29\UI\Button\UI Button">
      <UniqueIdentifier>{c0a8a3a5-5414-4154-9148-0efe41226bf3}</UniqueIdentifier>
    </Filter>
    <Filter Include="Code\Graphics %28 Legacy %29\Renderer Management">
      <UniqueIdentifier>{f39b7212-2f2c-4196-883a-ac4ebe6b2dfc}</UniqueIdentifier>
    </Filter>
    <Filter Include="Code\Graphics %28 Legacy %29\Renderer Management\Render Manager">
      <UniqueIdentifier>{09935eb3-4242-4da7-b4e1-de1c493f6b47}</UniqueIdentifier>
    </Filter>
    <Filter Include="Code\Graphics %28 Legacy %29\Renderer Management\Renderers">
      <UniqueIdentifier>{45076a25-b2d5-43bb-95e7-5013f50882d1}</UniqueIdentifier>
    </Filter>
    <Filter Include="Code\Graphics %28 Legacy %29\Renderer Management\Renderers\Sprite Renderer">
      <UniqueIdentifier>{de2cb3ce-c938-482d-9a29-5bb502963775}</UniqueIdentifier>
    </Filter>
    <Filter Include="Code\Graphics %28 Legacy %29\Renderer Management\Renderers\Rectangle Renderer">
      <UniqueIdentifier>{94f15aa7-4349-44aa-af6d-c46f20a8106a}</UniqueIdentifier>
    </Filter>
    <Filter Include="Code\Graphics %28 Legacy %29\Renderer Management\Renderer %28 inherit %29">
      <UniqueIdentifier>{beb24c18-a84c-47ce-b7fe-80de19d97eaf}</UniqueIdentifier>
    </Filter>
    <Filter Include="Code\Graphics %28 Legacy %29\Renderer Management\Renderer Factory">
      <UniqueIdentifier>{68320dbf-9c55-48f4-9802-068bf511c5a1}</UniqueIdentifier>
    </Filter>
    <Filter Include="Code\Graphics %28 Legacy %29\Renderer Management\Renderer Registrar">
      <UniqueIdentifier>{6974e382-9935-4393-89d9-d3f8d642f875}</UniqueIdentifier>
    </Filter>
    <Filter Include="Code\Graphics %28 Legacy %29\Framebuffer">
      <UniqueIdentifier>{5820a0e9-ba74-4a6d-a989-7bf9874520df}</UniqueIdentifier>
    </Filter>
    <Filter Include="Code\Graphics %28 Legacy %29\VAO &amp; VBO">
      <UniqueIdentifier>{c04a9818-78d1-463c-b44c-c8b65179178d}</UniqueIdentifier>
    </Filter>
    <Filter Include="Code\Graphics %28 Legacy %29\VAO &amp; VBO\Vertex Array">
      <UniqueIdentifier>{8f8f6600-956e-433a-b4f4-5bce8ef50ba3}</UniqueIdentifier>
    </Filter>
    <Filter Include="Code\Graphics %28 Legacy %29\VAO &amp; VBO\Vertex Buffer">
      <UniqueIdentifier>{d02ba574-ff9e-4b87-aaa3-eb3ec7564566}</UniqueIdentifier>
    </Filter>
    <Filter Include="Code\Graphics %28 Legacy %29\Mouse Picker">
      <UniqueIdentifier>{00398a1d-eda1-4f38-bf54-8af98ad4fb36}</UniqueIdentifier>
    </Filter>
    <Filter Include="Code\Graphics %28 Legacy %29\Render Context">
      <UniqueIdentifier>{0302a746-c43b-4939-974c-19e643fb91c3}</UniqueIdentifier>
    </Filter>
    <Filter Include="Code\Graphics %28 Legacy %29\Animator">
      <UniqueIdentifier>{bb38a648-d9d8-40bf-8533-a174f184c808}</UniqueIdentifier>
    </Filter>
    <Filter Include="Code\Graphics %28 Legacy %29\Animator\Sprite Animator">
      <UniqueIdentifier>{c1924e58-3a71-4965-8ff2-d776c7ace829}</UniqueIdentifier>
    </Filter>
    <Filter Include="Code\Graphics %28 Legacy %29\Animator\Blend Tree">
      <UniqueIdentifier>{9b333d0c-94b4-4f9b-88f5-e69a561d63f6}</UniqueIdentifier>
    </Filter>
    <Filter Include="Code\Graphics %28 Legacy %29\Animator\Animation State">
      <UniqueIdentifier>{7a295321-e52e-4894-8ace-d1f67a7bd990}</UniqueIdentifier>
    </Filter>
    <Filter Include="Code\ECS\System\ScriptManager">
      <UniqueIdentifier>{17d4c217-85be-4eb6-aad4-7b35c6e9d6b9}</UniqueIdentifier>
    </Filter>
    <Filter Include="Code\Event System\Event %28 inherit %29">
      <UniqueIdentifier>{68d26f98-24a0-42a5-83d4-2c246e79186c}</UniqueIdentifier>
    </Filter>
    <Filter Include="Code\Event System\Subscription">
      <UniqueIdentifier>{b5bac8a7-f1a5-46de-b3ab-065af3b2a789}</UniqueIdentifier>
    </Filter>
    <Filter Include="Code\ECS\System\System Base %28 inherit %29">
      <UniqueIdentifier>{757579ab-4e7d-40b6-9c9f-8165d10d5fa9}</UniqueIdentifier>
    </Filter>
    <Filter Include="Cursor">
      <UniqueIdentifier>{a3551581-e45b-47d7-92f3-2452dbb5a3b6}</UniqueIdentifier>
    </Filter>
    <Filter Include="Code\ECS\Scripting">
      <UniqueIdentifier>{d556bf41-00c0-4f8e-a8e6-461195d74498}</UniqueIdentifier>
    </Filter>
    <Filter Include="Code\ECS\Scripting\Script Factory">
      <UniqueIdentifier>{048d134d-2501-410c-a7e3-354a7511edeb}</UniqueIdentifier>
    </Filter>
    <Filter Include="Code\ECS\Scripting\Scriptable Entity">
      <UniqueIdentifier>{fa6f0624-686f-4364-bfec-b30fd8f88523}</UniqueIdentifier>
    </Filter>
    <Filter Include="Code\ECS\Scripting\Scripts">
      <UniqueIdentifier>{6cac321f-9af3-4177-a2b2-4455a71cbf5e}</UniqueIdentifier>
    </Filter>
    <Filter Include="Code\ECS\Scripting\Scripts\Test Script">
      <UniqueIdentifier>{b5bccd6f-e7ed-4004-a1f3-d5d46bdff72c}</UniqueIdentifier>
    </Filter>
    <Filter Include="Code\ECS\Scripting\Scripts\Player Controller">
      <UniqueIdentifier>{039b3d26-32c2-4f07-90cd-e594332dcb32}</UniqueIdentifier>
    </Filter>
    <Filter Include="Code\ECS\Scripting\Scripts\Enemy">
      <UniqueIdentifier>{3d12fd32-fedd-403d-9843-27ecd0106d24}</UniqueIdentifier>
    </Filter>
    <Filter Include="Code\ECS\Scripting\Scripts\IPickable">
      <UniqueIdentifier>{8ed3b931-7694-4341-83f3-1e4c0db28e94}</UniqueIdentifier>
    </Filter>
    <Filter Include="Code\ECS\System\Physics">
      <UniqueIdentifier>{8d1b3e6a-3b89-44db-973b-f13f89f079c8}</UniqueIdentifier>
    </Filter>
    <Filter Include="Code\Resource Management\Resources\Prefab">
      <UniqueIdentifier>{62c62c8f-f10a-4700-9ec8-71d63183c3ac}</UniqueIdentifier>
    </Filter>
    <Filter Include="Code\ECS\Fields">
      <UniqueIdentifier>{bf7ffc0c-cff3-43df-8cf4-308a8abe0e09}</UniqueIdentifier>
    </Filter>
    <Filter Include="Code\Caching">
      <UniqueIdentifier>{c937cc80-b81f-49e1-be7a-bf9c720c8cf8}</UniqueIdentifier>
    </Filter>
    <Filter Include="Code\Output">
      <UniqueIdentifier>{0f0ab065-6da5-4b43-9271-2a7f4dcd40e5}</UniqueIdentifier>
    </Filter>
    <Filter Include="Code\ECS\System\Animation\Nodes">
      <UniqueIdentifier>{61706e43-b30c-42ff-ab9a-d18a342874d4}</UniqueIdentifier>
    </Filter>
    <Filter Include="Code\ECS\Scripting\Scripts\Weapons">
      <UniqueIdentifier>{2a9826e0-60ec-45e2-9420-61a0138118f4}</UniqueIdentifier>
    </Filter>
    <Filter Include="Code\ECS\Scripting\Scripts\Weapons\Shotgun">
      <UniqueIdentifier>{1c9f30a4-ea60-42df-ba2d-b946426cc09e}</UniqueIdentifier>
    </Filter>
    <Filter Include="Code\ECS\Scripting\Scripts\Weapons\Bullet">
      <UniqueIdentifier>{9e7e1970-339f-4946-a5e8-280a200828c5}</UniqueIdentifier>
    </Filter>
    <Filter Include="Code\Scene Management\Scene Hierarchy Panel">
      <UniqueIdentifier>{f28fe58e-19e9-49bd-a53a-80e0b73943aa}</UniqueIdentifier>
    </Filter>
    <Filter Include="Code\Application\Project Variables">
      <UniqueIdentifier>{22677742-f79b-4dcb-886c-8d0077b1cbb8}</UniqueIdentifier>
    </Filter>
    <Filter Include="Code\Application\Project Variables\Variables">
      <UniqueIdentifier>{173f202e-5800-4a06-a46e-c976ca96e209}</UniqueIdentifier>
    </Filter>
    <Filter Include="Code\Application\Project Variables\Variables\Physics Layer">
      <UniqueIdentifier>{4668a3ff-340e-4f9b-a318-8d8abaa0288b}</UniqueIdentifier>
    </Filter>
    <Filter Include="Code\Application\Project Variables\Variables\Project Variable %28 inherit %29">
      <UniqueIdentifier>{ae764b46-9703-4fb5-a0d9-37cda3587768}</UniqueIdentifier>
    </Filter>
  </ItemGroup>
  <ItemGroup>
    <ClCompile Include="Code\forpch.cpp">
      <Filter>Code\Pre-Compiled Headers</Filter>
    </ClCompile>
    <ClCompile Include="Code\SoundDevice.cpp">
      <Filter>Code\Audio\Sound Device</Filter>
    </ClCompile>
    <ClCompile Include="Code\Sound.cpp">
      <Filter>Code\Audio\Sound</Filter>
    </ClCompile>
    <ClCompile Include="Code\Font.cpp">
      <Filter>Code\Graphics %28 Legacy %29\Text Render\Font</Filter>
    </ClCompile>
    <ClCompile Include="Code\UniformBuffer.cpp">
      <Filter>Code\Graphics %28 Legacy %29\Pipline\Uniform Buffer</Filter>
    </ClCompile>
    <ClCompile Include="Code\SoundManager.cpp">
      <Filter>Code\Audio\Sound Manager</Filter>
    </ClCompile>
    <ClCompile Include="Code\Shader.cpp">
      <Filter>Code\Graphics %28 Legacy %29\Pipline\Shader</Filter>
    </ClCompile>
    <ClCompile Include="Code\Camera.cpp">
      <Filter>Code\Graphics %28 Legacy %29\Camera</Filter>
    </ClCompile>
    <ClCompile Include="Code\Animator.cpp">
      <Filter>Code\Graphics %28 Legacy %29\Animator\Sprite Animator</Filter>
    </ClCompile>
    <ClCompile Include="Code\VertexArray.cpp">
      <Filter>Code\Graphics %28 Legacy %29\VAO &amp; VBO\Vertex Array</Filter>
    </ClCompile>
    <ClCompile Include="Code\VertexBuffer.cpp">
      <Filter>Code\Graphics %28 Legacy %29\VAO &amp; VBO\Vertex Buffer</Filter>
    </ClCompile>
    <ClCompile Include="Code\Texture.cpp">
      <Filter>Code\Resource Management\Resources\Texture</Filter>
    </ClCompile>
    <ClCompile Include="Code\Window.cpp">
      <Filter>Code\Window</Filter>
    </ClCompile>
    <ClCompile Include="Code\FOR_GLFW.cpp">
      <Filter>Code\GLFW</Filter>
    </ClCompile>
    <ClCompile Include="Code\EventTypes.cpp">
      <Filter>Code\Event System\Event Types</Filter>
    </ClCompile>
    <ClCompile Include="Code\IEvent.cpp">
      <Filter>Code\Event System\Event %28 inherit %29</Filter>
    </ClCompile>
    <ClCompile Include="Code\EventDispatcher.cpp">
      <Filter>Code\Event System\Event Dispatcher</Filter>
    </ClCompile>
    <ClCompile Include="Code\Rectangle.cpp">
      <Filter>Code\Graphics %28 Legacy %29\Objects\Rectangle</Filter>
    </ClCompile>
    <ClCompile Include="Code\Text.cpp">
      <Filter>Code\Text %28 rewrite %29</Filter>
    </ClCompile>
    <ClCompile Include="Code\BlendTree.cpp">
      <Filter>Code\Graphics %28 Legacy %29\Animator\Blend Tree</Filter>
    </ClCompile>
    <ClCompile Include="Code\AnimationState.cpp">
      <Filter>Code\Graphics %28 Legacy %29\Animator\Animation State</Filter>
    </ClCompile>
    <ClCompile Include="Code\Animation.cpp">
      <Filter>Code\Resource Management\Resources\Animation</Filter>
    </ClCompile>
    <ClCompile Include="Code\forchar.cpp">
      <Filter>Code\Graphics %28 Legacy %29\Text Render\forchar</Filter>
    </ClCompile>
    <ClCompile Include="Code\TextureAtlas.cpp">
      <Filter>Code\Graphics %28 Legacy %29\Texturing\Texture Atlas</Filter>
    </ClCompile>
    <ClCompile Include="Code\Button.cpp">
      <Filter>Code\Graphics %28 Legacy %29\UI\Button\Button %28 Inherit %29</Filter>
    </ClCompile>
    <ClCompile Include="Code\ButtonManager.cpp">
      <Filter>Code\Graphics %28 Legacy %29\UI\Button\Button Manager</Filter>
    </ClCompile>
    <ClCompile Include="Code\GizmoBox.cpp">
      <Filter>Code\Graphics %28 Legacy %29\UI\Gizmo %28 Inherit %29</Filter>
    </ClCompile>
    <ClCompile Include="Code\Mesh2D.cpp">
      <Filter>Code\Graphics %28 Legacy %29\Mesh2D</Filter>
    </ClCompile>
    <ClCompile Include="Code\UI_Button.cpp">
      <Filter>Code\Graphics %28 Legacy %29\UI\Button\UI Button</Filter>
    </ClCompile>
    <ClCompile Include="Code\RectangleRenderer.cpp">
      <Filter>Code\Graphics %28 Legacy %29\Renderer Management\Renderers\Rectangle Renderer</Filter>
    </ClCompile>
    <ClCompile Include="Code\ResourceManager.cpp">
      <Filter>Code\Resource Management\Resource Manager</Filter>
    </ClCompile>
    <ClCompile Include="Code\IResource.cpp">
      <Filter>Code\Resource Management\Resource %28 Inherit %29</Filter>
    </ClCompile>
    <ClCompile Include="Code\Serializable.cpp">
      <Filter>Code\Resource Management\Serializable %28 Inherit %29</Filter>
    </ClCompile>
    <ClCompile Include="Code\Scene.cpp">
      <Filter>Code\Scene Management\Scene</Filter>
    </ClCompile>
    <ClCompile Include="Code\ResourceModule.cpp">
      <Filter>Code\Resource Management\Resource Module %28 inherit %29</Filter>
    </ClCompile>
    <ClCompile Include="Code\SceneHierarchyPanel.cpp">
      <Filter>Code\Scene Management\Scene Hierarchy Panel</Filter>
    </ClCompile>
    <ClCompile Include="Code\FOR_IMGUI.cpp">
      <Filter>Code\IMGUI</Filter>
    </ClCompile>
    <ClCompile Include="imgui\imgui.cpp">
      <Filter>Code\Dear ImGui</Filter>
    </ClCompile>
    <ClCompile Include="imgui\imgui_demo.cpp">
      <Filter>Code\Dear ImGui</Filter>
    </ClCompile>
    <ClCompile Include="imgui\imgui_draw.cpp">
      <Filter>Code\Dear ImGui</Filter>
    </ClCompile>
    <ClCompile Include="imgui\imgui_impl_glfw.cpp">
      <Filter>Code\Dear ImGui</Filter>
    </ClCompile>
    <ClCompile Include="imgui\imgui_impl_opengl3.cpp">
      <Filter>Code\Dear ImGui</Filter>
    </ClCompile>
    <ClCompile Include="imgui\imgui_tables.cpp">
      <Filter>Code\Dear ImGui</Filter>
    </ClCompile>
    <ClCompile Include="imgui\imgui_widgets.cpp">
      <Filter>Code\Dear ImGui</Filter>
    </ClCompile>
    <ClCompile Include="Code\ResourceLoader.cpp">
      <Filter>Code\Resource Management\Resource Loader</Filter>
    </ClCompile>
    <ClCompile Include="Code\Application.cpp">
      <Filter>Code\Application\Default</Filter>
    </ClCompile>
    <ClCompile Include="Code\EditorApplication.cpp">
      <Filter>Code\Application\Editor</Filter>
    </ClCompile>
    <ClCompile Include="Code\RenderManager.cpp">
      <Filter>Code\Graphics %28 Legacy %29\Renderer Management\Render Manager</Filter>
    </ClCompile>
    <ClCompile Include="Code\Renderer.cpp">
      <Filter>Code\Graphics %28 Legacy %29\Renderer Management\Renderer %28 inherit %29</Filter>
    </ClCompile>
    <ClCompile Include="Code\PathManager.cpp">
      <Filter>Code\Resource Management\Path Manager</Filter>
    </ClCompile>
    <ClCompile Include="Code\Framebuffer.cpp">
      <Filter>Code\Graphics %28 Legacy %29\Framebuffer</Filter>
    </ClCompile>
    <ClCompile Include="Code\Test.cpp">
      <Filter>Code\Application\Test</Filter>
    </ClCompile>
    <ClCompile Include="Code\RendererFactory.cpp">
      <Filter>Code\Graphics %28 Legacy %29\Renderer Management\Renderer Factory</Filter>
    </ClCompile>
    <ClCompile Include="Code\RendererRegistrar.cpp">
      <Filter>Code\Graphics %28 Legacy %29\Renderer Management\Renderer Registrar</Filter>
    </ClCompile>
    <ClCompile Include="Code\Entity.cpp">
      <Filter>Code\ECS\Entity</Filter>
    </ClCompile>
    <ClCompile Include="Code\SpriteRendererSystem.cpp">
      <Filter>Code\ECS\System\SpriteRenderer</Filter>
    </ClCompile>
    <ClCompile Include="Code\ISystemBase.cpp">
      <Filter>Code\ECS\System\System Base %28 inherit %29</Filter>
    </ClCompile>
    <ClCompile Include="Code\SceneSerializer.cpp">
      <Filter>Code\Scene Management\Scene Serializer</Filter>
    </ClCompile>
    <ClCompile Include="Code\Components.cpp">
      <Filter>Code\ECS\Component</Filter>
    </ClCompile>
    <ClCompile Include="Code\UUID.cpp">
      <Filter>Code\UUID</Filter>
    </ClCompile>
    <ClCompile Include="Code\SceneManager.cpp">
      <Filter>Code\Scene Management\Scene Manager</Filter>
    </ClCompile>
    <ClCompile Include="Code\MousePicker.cpp">
      <Filter>Code\Graphics %28 Legacy %29\Mouse Picker</Filter>
    </ClCompile>
    <ClCompile Include="Code\RenderContext.cpp">
      <Filter>Code\Graphics %28 Legacy %29\Render Context</Filter>
    </ClCompile>
    <ClCompile Include="Code\PhysicsSystem.cpp">
      <Filter>Code\ECS\System\Physics</Filter>
    </ClCompile>
    <ClCompile Include="Code\AnimationSystem.cpp">
      <Filter>Code\ECS\System\Animation</Filter>
    </ClCompile>
    <ClCompile Include="Code\ContentBrowser.cpp">
      <Filter>Code\Resource Management\Content Browser</Filter>
    </ClCompile>
    <ClCompile Include="Code\ResourceID.cpp">
      <Filter>Code\Resource Management\ResourceID</Filter>
    </ClCompile>
    <ClCompile Include="Code\ResourceCache.cpp">
      <Filter>Code\Resource Management\Resource Cache</Filter>
    </ClCompile>
    <ClCompile Include="Code\AnimationStateNodes.cpp">
      <Filter>Code\ECS\System\Animation\Nodes</Filter>
    </ClCompile>
    <ClCompile Include="Code\ScriptableEntity.cpp">
      <Filter>Code\ECS\Scripting\Scriptable Entity</Filter>
    </ClCompile>
    <ClCompile Include="Code\ScriptFactory.cpp">
      <Filter>Code\ECS\Scripting\Script Factory</Filter>
    </ClCompile>
    <ClCompile Include="Code\TestScript.cpp">
      <Filter>Code\ECS\Scripting\Scripts\Test Script</Filter>
    </ClCompile>
    <ClCompile Include="Code\ScriptManagerSystem.cpp">
      <Filter>Code\ECS\System\ScriptManager</Filter>
    </ClCompile>
    <ClCompile Include="Code\PlayerController.cpp">
      <Filter>Code\ECS\Scripting\Scripts\Player Controller</Filter>
    </ClCompile>
    <ClCompile Include="Code\EventSubscription.cpp">
      <Filter>Code\Event System\Subscription</Filter>
    </ClCompile>
    <ClCompile Include="Code\Cursor.cpp">
      <Filter>Cursor</Filter>
    </ClCompile>
    <ClCompile Include="Code\Enemy.cpp">
      <Filter>Code\ECS\Scripting\Scripts\Enemy</Filter>
    </ClCompile>
    <ClCompile Include="Code\IPickable.cpp">
      <Filter>Code\ECS\Scripting\Scripts\IPickable</Filter>
    </ClCompile>
    <ClCompile Include="Code\Prefab.cpp">
      <Filter>Code\Resource Management\Resources\Prefab</Filter>
    </ClCompile>
    <ClCompile Include="Code\Fields.cpp">
      <Filter>Code\ECS\Fields</Filter>
    </ClCompile>
    <ClCompile Include="Code\Bullet.cpp">
      <Filter>Code\ECS\Scripting\Scripts\Weapons\Bullet</Filter>
    </ClCompile>
    <ClCompile Include="Code\PV_PhysicsLayers.cpp">
      <Filter>Code\Application\Project Variables\Variables\Physics Layer</Filter>
    </ClCompile>
    <ClCompile Include="Code\ProjectVariables.cpp">
      <Filter>Code\Application\Project Variables</Filter>
    </ClCompile>
    <ClCompile Include="Code\IProjectVariable.cpp">
      <Filter>Code\Application\Project Variables\Variables\Project Variable %28 inherit %29</Filter>
    </ClCompile>
  </ItemGroup>
  <ItemGroup>
    <ClInclude Include="Code\forpch.h">
      <Filter>Code\Pre-Compiled Headers</Filter>
    </ClInclude>
    <ClInclude Include="Code\SoundDevice.h">
      <Filter>Code\Audio\Sound Device</Filter>
    </ClInclude>
    <ClInclude Include="Code\Sound.h">
      <Filter>Code\Audio\Sound</Filter>
    </ClInclude>
    <ClInclude Include="Code\forcore.hpp">
      <Filter>Code\Core</Filter>
    </ClInclude>
    <ClInclude Include="Code\forchar.h">
      <Filter>Code\Graphics %28 Legacy %29\Text Render\forchar</Filter>
    </ClInclude>
    <ClInclude Include="Code\Font.h">
      <Filter>Code\Graphics %28 Legacy %29\Text Render\Font</Filter>
    </ClInclude>
    <ClInclude Include="Code\Text.h">
      <Filter>Code\Text %28 rewrite %29</Filter>
    </ClInclude>
    <ClInclude Include="Code\UniformBuffer.h">
      <Filter>Code\Graphics %28 Legacy %29\Pipline\Uniform Buffer</Filter>
    </ClInclude>
    <ClInclude Include="Code\SoundManager.h">
      <Filter>Code\Audio\Sound Manager</Filter>
    </ClInclude>
    <ClInclude Include="Code\Shader.h">
      <Filter>Code\Graphics %28 Legacy %29\Pipline\Shader</Filter>
    </ClInclude>
    <ClInclude Include="Code\Camera.h">
      <Filter>Code\Graphics %28 Legacy %29\Camera</Filter>
    </ClInclude>
    <ClInclude Include="Code\Animation.h">
      <Filter>Code\Resource Management\Resources\Animation</Filter>
    </ClInclude>
    <ClInclude Include="Code\Animator.h">
      <Filter>Code\Graphics %28 Legacy %29\Animator\Sprite Animator</Filter>
    </ClInclude>
    <ClInclude Include="Code\BlendTree.h">
      <Filter>Code\Graphics %28 Legacy %29\Animator\Blend Tree</Filter>
    </ClInclude>
    <ClInclude Include="Code\AnimationState.h">
      <Filter>Code\Graphics %28 Legacy %29\Animator\Animation State</Filter>
    </ClInclude>
    <ClInclude Include="Code\VertexArray.h">
      <Filter>Code\Graphics %28 Legacy %29\VAO &amp; VBO\Vertex Array</Filter>
    </ClInclude>
    <ClInclude Include="Code\VertexBuffer.h">
      <Filter>Code\Graphics %28 Legacy %29\VAO &amp; VBO\Vertex Buffer</Filter>
    </ClInclude>
    <ClInclude Include="Code\Rectangle.h">
      <Filter>Code\Graphics %28 Legacy %29\Objects\Rectangle</Filter>
    </ClInclude>
    <ClInclude Include="Code\Texture.h">
      <Filter>Code\Resource Management\Resources\Texture</Filter>
    </ClInclude>
    <ClInclude Include="Code\forconvert.hpp">
      <Filter>Code\Convert</Filter>
    </ClInclude>
    <ClInclude Include="Code\Window.h">
      <Filter>Code\Window</Filter>
    </ClInclude>
    <ClInclude Include="Code\FOR_GLFW.h">
      <Filter>Code\GLFW</Filter>
    </ClInclude>
    <ClInclude Include="Code\IEvent.h">
      <Filter>Code\Event System\Event %28 inherit %29</Filter>
    </ClInclude>
    <ClInclude Include="Code\EventDispatcher.h">
      <Filter>Code\Event System\Event Dispatcher</Filter>
    </ClInclude>
    <ClInclude Include="Code\EventTypes.h">
      <Filter>Code\Event System\Event Types</Filter>
    </ClInclude>
    <ClInclude Include="Code\TextureAtlas.h">
      <Filter>Code\Graphics %28 Legacy %29\Texturing\Texture Atlas</Filter>
    </ClInclude>
    <ClInclude Include="Code\Button.h">
      <Filter>Code\Graphics %28 Legacy %29\UI\Button\Button %28 Inherit %29</Filter>
    </ClInclude>
    <ClInclude Include="Code\ButtonManager.h">
      <Filter>Code\Graphics %28 Legacy %29\UI\Button\Button Manager</Filter>
    </ClInclude>
    <ClInclude Include="Code\GizmoBox.h">
      <Filter>Code\Graphics %28 Legacy %29\UI\Gizmo %28 Inherit %29</Filter>
    </ClInclude>
    <ClInclude Include="Code\Mesh2D.h">
      <Filter>Code\Graphics %28 Legacy %29\Mesh2D</Filter>
    </ClInclude>
    <ClInclude Include="Code\UI_Button.h">
      <Filter>Code\Graphics %28 Legacy %29\UI\Button\UI Button</Filter>
    </ClInclude>
    <ClInclude Include="Code\RectangleRenderer.h">
      <Filter>Code\Graphics %28 Legacy %29\Renderer Management\Renderers\Rectangle Renderer</Filter>
    </ClInclude>
    <ClInclude Include="Code\ResourceManager.h">
      <Filter>Code\Resource Management\Resource Manager</Filter>
    </ClInclude>
    <ClInclude Include="Code\IResource.h">
      <Filter>Code\Resource Management\Resource %28 Inherit %29</Filter>
    </ClInclude>
    <ClInclude Include="Code\Serializable.h">
      <Filter>Code\Resource Management\Serializable %28 Inherit %29</Filter>
    </ClInclude>
    <ClInclude Include="Code\Scene.h">
      <Filter>Code\Scene Management\Scene</Filter>
    </ClInclude>
    <ClInclude Include="Code\ResourceModule.h">
      <Filter>Code\Resource Management\Resource Module %28 inherit %29</Filter>
    </ClInclude>
    <ClInclude Include="Code\SceneHierarchyPanel.h">
      <Filter>Code\Scene Management\Scene Hierarchy Panel</Filter>
    </ClInclude>
    <ClInclude Include="Code\FOR_IMGUI.h">
      <Filter>Code\IMGUI</Filter>
    </ClInclude>
    <ClInclude Include="imgui\imconfig.h">
      <Filter>Code\Dear ImGui</Filter>
    </ClInclude>
    <ClInclude Include="imgui\imgui.h">
      <Filter>Code\Dear ImGui</Filter>
    </ClInclude>
    <ClInclude Include="imgui\imgui_impl_glfw.h">
      <Filter>Code\Dear ImGui</Filter>
    </ClInclude>
    <ClInclude Include="imgui\imgui_impl_opengl3.h">
      <Filter>Code\Dear ImGui</Filter>
    </ClInclude>
    <ClInclude Include="imgui\imgui_impl_opengl3_loader.h">
      <Filter>Code\Dear ImGui</Filter>
    </ClInclude>
    <ClInclude Include="imgui\imgui_internal.h">
      <Filter>Code\Dear ImGui</Filter>
    </ClInclude>
    <ClInclude Include="imgui\imstb_rectpack.h">
      <Filter>Code\Dear ImGui</Filter>
    </ClInclude>
    <ClInclude Include="imgui\imstb_textedit.h">
      <Filter>Code\Dear ImGui</Filter>
    </ClInclude>
    <ClInclude Include="imgui\imstb_truetype.h">
      <Filter>Code\Dear ImGui</Filter>
    </ClInclude>
    <ClInclude Include="Code\ResourceLoader.h">
      <Filter>Code\Resource Management\Resource Loader</Filter>
    </ClInclude>
    <ClInclude Include="Code\Application.h">
      <Filter>Code\Application\Default</Filter>
    </ClInclude>
    <ClInclude Include="Code\EditorApplication.h">
      <Filter>Code\Application\Editor</Filter>
    </ClInclude>
    <ClInclude Include="Code\RenderManager.h">
      <Filter>Code\Graphics %28 Legacy %29\Renderer Management\Render Manager</Filter>
    </ClInclude>
    <ClInclude Include="Code\Renderer.h">
      <Filter>Code\Graphics %28 Legacy %29\Renderer Management\Renderer %28 inherit %29</Filter>
    </ClInclude>
    <ClInclude Include="Code\PathManager.h">
      <Filter>Code\Resource Management\Path Manager</Filter>
    </ClInclude>
    <ClInclude Include="Code\Framebuffer.h">
      <Filter>Code\Graphics %28 Legacy %29\Framebuffer</Filter>
    </ClInclude>
    <ClInclude Include="Code\Test.h">
      <Filter>Code\Application\Test</Filter>
    </ClInclude>
    <ClInclude Include="Code\RendererFactory.h">
      <Filter>Code\Graphics %28 Legacy %29\Renderer Management\Renderer Factory</Filter>
    </ClInclude>
    <ClInclude Include="Code\RendererRegistrar.h">
      <Filter>Code\Graphics %28 Legacy %29\Renderer Management\Renderer Registrar</Filter>
    </ClInclude>
    <ClInclude Include="Code\Entity.h">
      <Filter>Code\ECS\Entity</Filter>
    </ClInclude>
    <ClInclude Include="Code\SpriteRendererSystem.h">
      <Filter>Code\ECS\System\SpriteRenderer</Filter>
    </ClInclude>
    <ClInclude Include="Code\ISystemBase.h">
      <Filter>Code\ECS\System\System Base %28 inherit %29</Filter>
    </ClInclude>
    <ClInclude Include="Code\SceneSerializer.h">
      <Filter>Code\Scene Management\Scene Serializer</Filter>
    </ClInclude>
    <ClInclude Include="Code\Components.h">
      <Filter>Code\ECS\Component</Filter>
    </ClInclude>
    <ClInclude Include="Code\UUID.h">
      <Filter>Code\UUID</Filter>
    </ClInclude>
    <ClInclude Include="Code\SceneManager.h">
      <Filter>Code\Scene Management\Scene Manager</Filter>
    </ClInclude>
    <ClInclude Include="Code\MousePicker.h">
      <Filter>Code\Graphics %28 Legacy %29\Mouse Picker</Filter>
    </ClInclude>
    <ClInclude Include="Code\RenderContext.h">
      <Filter>Code\Graphics %28 Legacy %29\Render Context</Filter>
    </ClInclude>
    <ClInclude Include="Code\PhysicsSystem.h">
      <Filter>Code\ECS\System\Physics</Filter>
    </ClInclude>
    <ClInclude Include="Code\AnimationSystem.h">
      <Filter>Code\ECS\System\Animation</Filter>
    </ClInclude>
    <ClInclude Include="Code\ContentBrowser.h">
      <Filter>Code\Resource Management\Content Browser</Filter>
    </ClInclude>
    <ClInclude Include="Code\ResourceID.h">
      <Filter>Code\Resource Management\ResourceID</Filter>
    </ClInclude>
    <ClInclude Include="Code\forarray.hpp">
      <Filter>Code\Dynamic Array</Filter>
    </ClInclude>
    <ClInclude Include="Code\fortraits.hpp">
      <Filter>Code\Traits</Filter>
    </ClInclude>
    <ClInclude Include="Code\forfile.hpp">
      <Filter>Code\File</Filter>
    </ClInclude>
    <ClInclude Include="Code\ResourceCache.h">
      <Filter>Code\Resource Management\Resource Cache</Filter>
    </ClInclude>
    <ClInclude Include="Code\AnimationStateNodes.h">
      <Filter>Code\ECS\System\Animation\Nodes</Filter>
    </ClInclude>
    <ClInclude Include="Code\ScriptableEntity.h">
      <Filter>Code\ECS\Scripting\Scriptable Entity</Filter>
    </ClInclude>
    <ClInclude Include="Code\ScriptFactory.h">
      <Filter>Code\ECS\Scripting\Script Factory</Filter>
    </ClInclude>
    <ClInclude Include="Code\TestScript.h">
      <Filter>Code\ECS\Scripting\Scripts\Test Script</Filter>
    </ClInclude>
    <ClInclude Include="Code\ScriptManagerSystem.h">
      <Filter>Code\ECS\System\ScriptManager</Filter>
    </ClInclude>
    <ClInclude Include="Code\PlayerController.h">
      <Filter>Code\ECS\Scripting\Scripts\Player Controller</Filter>
    </ClInclude>
    <ClInclude Include="Code\EventSubscription.h">
      <Filter>Code\Event System\Subscription</Filter>
    </ClInclude>
    <ClInclude Include="Code\Cursor.h">
      <Filter>Cursor</Filter>
    </ClInclude>
    <ClInclude Include="Code\Enemy.h">
      <Filter>Code\ECS\Scripting\Scripts\Enemy</Filter>
    </ClInclude>
    <ClInclude Include="Code\IPickable.h">
      <Filter>Code\ECS\Scripting\Scripts\IPickable</Filter>
    </ClInclude>
    <ClInclude Include="Code\Prefab.h">
      <Filter>Code\Resource Management\Resources\Prefab</Filter>
    </ClInclude>
    <ClInclude Include="Code\Fields.h">
      <Filter>Code\ECS\Fields</Filter>
    </ClInclude>
    <ClInclude Include="Code\forcache.hpp">
      <Filter>Code\Caching</Filter>
    </ClInclude>
    <ClInclude Include="Code\foroutput.hpp">
      <Filter>Code\Output</Filter>
    </ClInclude>
    <ClInclude Include="Code\Bullet.h">
      <Filter>Code\ECS\Scripting\Scripts\Weapons\Bullet</Filter>
    </ClInclude>
    <ClInclude Include="Code\PV_PhysicsLayers.h">
      <Filter>Code\Application\Project Variables\Variables\Physics Layer</Filter>
    </ClInclude>
    <ClInclude Include="Code\ProjectVariables.h">
      <Filter>Code\Application\Project Variables</Filter>
    </ClInclude>
    <ClInclude Include="Code\IProjectVariable.h">
      <Filter>Code\Application\Project Variables\Variables\Project Variable %28 inherit %29</Filter>
    </ClInclude>
  </ItemGroup>
  <ItemGroup>
    <CopyFileToFolders Include="FreeType\lib x64\freetype.dll">
      <Filter>Dependencies\x64</Filter>
    </CopyFileToFolders>
    <CopyFileToFolders Include="FreeType\lib x86\freetype.dll">
      <Filter>Dependencies\x86</Filter>
    </CopyFileToFolders>
    <CopyFileToFolders Include="OpenAL\lib x64\OpenAL32.dll">
      <Filter>Dependencies\x64</Filter>
    </CopyFileToFolders>
    <CopyFileToFolders Include="OpenAL\lib x86\OpenAL32.dll">
      <Filter>Dependencies\x86</Filter>
    </CopyFileToFolders>
    <CopyFileToFolders Include="..\FE2D Editor\imgui.ini">
      <Filter>Dependencies\ImGui</Filter>
    </CopyFileToFolders>
    <CopyFileToFolders Include="FreeType\FreeType_LICENSES.txt">
      <Filter>Dependencies\Licenses</Filter>
    </CopyFileToFolders>
    <CopyFileToFolders Include="glm-master\glm_copying.txt">
      <Filter>Dependencies\Licenses</Filter>
    </CopyFileToFolders>
    <CopyFileToFolders Include="imgui\imgui_LICENSE.txt">
      <Filter>Dependencies\Licenses</Filter>
    </CopyFileToFolders>
    <CopyFileToFolders Include="OpenAL\OpenAL_COPYING.txt">
      <Filter>Dependencies\Licenses</Filter>
    </CopyFileToFolders>
    <CopyFileToFolders Include="Fonts\OpenSans_License.txt">
      <Filter>Dependencies\Licenses</Filter>
    </CopyFileToFolders>
    <CopyFileToFolders Include="sndfile\sndfile_COPYING.txt">
      <Filter>Dependencies\Licenses</Filter>
    </CopyFileToFolders>
    <CopyFileToFolders Include="Fonts\open_sans.ttf">
      <Filter>Dependencies\Fonts</Filter>
    </CopyFileToFolders>
    <CopyFileToFolders Include="..\Files\FE2D\ContentBrowser\Flaticon_License.txt">
      <Filter>Dependencies\Licenses</Filter>
    </CopyFileToFolders>
    <CopyFileToFolders Include="json\nlohmann-json_LICENSE.MIT">
      <Filter>Dependencies\Licenses</Filter>
    </CopyFileToFolders>
    <CopyFileToFolders Include="boost\boost-1.88.0-LICENSE_1_0.txt">
      <Filter>Dependencies\Licenses</Filter>
    </CopyFileToFolders>
  </ItemGroup>
  <ItemGroup>
    <Text Include="EnTT\EnTT_License.txt">
      <Filter>Dependencies\Licenses</Filter>
    </Text>
  </ItemGroup>
</Project>